
Microsoft Visual Studio Solution File, Format Version 12.00
# Visual Studio 14
VisualStudioVersion = 14.0.25123.0
MinimumVisualStudioVersion = 10.0.40219.1
Project("{FAE04EC0-301F-11D3-BF4B-00C04F79EFBC}") = "BLL", "BLL\BLL.csproj", "{38D7AA58-C95B-449B-86C6-A8073A56E11F}"
EndProject
Project("{FAE04EC0-301F-11D3-BF4B-00C04F79EFBC}") = "DAL", "DAL\DAL.csproj", "{9FE00521-3A8B-42B1-814E-585E99407B2E}"
EndProject
Project("{FAE04EC0-301F-11D3-BF4B-00C04F79EFBC}") = "DBUtility", "DBUtility\DBUtility.csproj", "{0988C62E-247F-471F-A183-DB509C7A3839}"
EndProject
Project("{FAE04EC0-301F-11D3-BF4B-00C04F79EFBC}") = "ExcelHelper", "ExcelHelper\ExcelHelper.csproj", "{598F6D4A-C392-4EF5-B4EA-2ABF7E901E91}"
EndProject
Project("{FAE04EC0-301F-11D3-BF4B-00C04F79EFBC}") = "GameToolsCommon", "GameToolsCommon\GameToolsCommon.csproj", "{5B12EC9B-77CF-4C09-A983-95625F75F2F2}"
EndProject
Project("{FAE04EC0-301F-11D3-BF4B-00C04F79EFBC}") = "GameToolsWebService", "GameToolsWebService\GameToolsWebService.csproj", "{62D190D3-19C4-440C-8DB7-4558F2775D6E}"
EndProject
Project("{FAE04EC0-301F-11D3-BF4B-00C04F79EFBC}") = "GMToolsJson", "GMToolsJson\GMToolsJson.csproj", "{97AFAAEC-4706-4AC2-AAFE-D8E8E9258417}"
EndProject
Project("{FAE04EC0-301F-11D3-BF4B-00C04F79EFBC}") = "Model", "Model\Model.csproj", "{53995DBB-9836-4647-AD22-865884FDEB9E}"
EndProject
Project("{FAE04EC0-301F-11D3-BF4B-00C04F79EFBC}") = "Test", "Test\Test.csproj", "{5A4E4F33-1FBC-43A5-A49F-E5F3688C63C7}"
EndProject
Project("{FAE04EC0-301F-11D3-BF4B-00C04F79EFBC}") = "Util", "Util\Util.csproj", "{DEB7C9F6-F670-4A7C-900B-EACB7B2CD492}"
EndProject
Project("{FAE04EC0-301F-11D3-BF4B-00C04F79EFBC}") = "BaiduPush", "BaiduPush\BaiduPush.csproj", "{886938AD-FEBD-4BAB-B34B-14D76CEE3437}"
EndProject
Project("{FAE04EC0-301F-11D3-BF4B-00C04F79EFBC}") = "GameToolsClient", "GameToolsClient\GameToolsClient.csproj", "{88905176-669B-405D-8242-8DC1A1F85CF1}"
EndProject
Project("{54435603-DBB4-11D2-8724-00A0C9A8B90C}") = "GMtoolsSetup", "GMtoolsSetup\GMtoolsSetup.vdproj", "{4133671C-6F90-4929-9A92-487078EADA89}"
EndProject
Project("{FAE04EC0-301F-11D3-BF4B-00C04F79EFBC}") = "GameToolsHttpService", "GameToolsHttpService\GameToolsHttpService.csproj", "{CBA18D14-659C-4F22-8654-D282CE08CBAD}"
EndProject
Global
	GlobalSection(SolutionConfigurationPlatforms) = preSolution
		CD_ROM|Any CPU = CD_ROM|Any CPU
		CD_ROM|x86 = CD_ROM|x86
		Debug|Any CPU = Debug|Any CPU
		Debug|x86 = Debug|x86
		DVD-5|Any CPU = DVD-5|Any CPU
		DVD-5|x86 = DVD-5|x86
		Release|Any CPU = Release|Any CPU
		Release|x86 = Release|x86
		SingleImage|Any CPU = SingleImage|Any CPU
		SingleImage|x86 = SingleImage|x86
	EndGlobalSection
	GlobalSection(ProjectConfigurationPlatforms) = postSolution
		{38D7AA58-C95B-449B-86C6-A8073A56E11F}.CD_ROM|Any CPU.ActiveCfg = Release|Any CPU
		{38D7AA58-C95B-449B-86C6-A8073A56E11F}.CD_ROM|Any CPU.Build.0 = Release|Any CPU
		{38D7AA58-C95B-449B-86C6-A8073A56E11F}.CD_ROM|x86.ActiveCfg = Release|Any CPU
		{38D7AA58-C95B-449B-86C6-A8073A56E11F}.CD_ROM|x86.Build.0 = Release|Any CPU
		{38D7AA58-C95B-449B-86C6-A8073A56E11F}.Debug|Any CPU.ActiveCfg = Debug|Any CPU
		{38D7AA58-C95B-449B-86C6-A8073A56E11F}.Debug|Any CPU.Build.0 = Debug|Any CPU
		{38D7AA58-C95B-449B-86C6-A8073A56E11F}.Debug|x86.ActiveCfg = Debug|Any CPU
		{38D7AA58-C95B-449B-86C6-A8073A56E11F}.Debug|x86.Build.0 = Debug|Any CPU
		{38D7AA58-C95B-449B-86C6-A8073A56E11F}.DVD-5|Any CPU.ActiveCfg = Debug|Any CPU
		{38D7AA58-C95B-449B-86C6-A8073A56E11F}.DVD-5|Any CPU.Build.0 = Debug|Any CPU
		{38D7AA58-C95B-449B-86C6-A8073A56E11F}.DVD-5|x86.ActiveCfg = Debug|Any CPU
		{38D7AA58-C95B-449B-86C6-A8073A56E11F}.DVD-5|x86.Build.0 = Debug|Any CPU
		{38D7AA58-C95B-449B-86C6-A8073A56E11F}.Release|Any CPU.ActiveCfg = Release|Any CPU
		{38D7AA58-C95B-449B-86C6-A8073A56E11F}.Release|Any CPU.Build.0 = Release|Any CPU
		{38D7AA58-C95B-449B-86C6-A8073A56E11F}.Release|x86.ActiveCfg = Release|Any CPU
		{38D7AA58-C95B-449B-86C6-A8073A56E11F}.Release|x86.Build.0 = Release|Any CPU
		{38D7AA58-C95B-449B-86C6-A8073A56E11F}.SingleImage|Any CPU.ActiveCfg = Release|Any CPU
		{38D7AA58-C95B-449B-86C6-A8073A56E11F}.SingleImage|Any CPU.Build.0 = Release|Any CPU
		{38D7AA58-C95B-449B-86C6-A8073A56E11F}.SingleImage|x86.ActiveCfg = Release|Any CPU
		{38D7AA58-C95B-449B-86C6-A8073A56E11F}.SingleImage|x86.Build.0 = Release|Any CPU
		{9FE00521-3A8B-42B1-814E-585E99407B2E}.CD_ROM|Any CPU.ActiveCfg = Release|Any CPU
		{9FE00521-3A8B-42B1-814E-585E99407B2E}.CD_ROM|Any CPU.Build.0 = Release|Any CPU
		{9FE00521-3A8B-42B1-814E-585E99407B2E}.CD_ROM|x86.ActiveCfg = Release|Any CPU
		{9FE00521-3A8B-42B1-814E-585E99407B2E}.CD_ROM|x86.Build.0 = Release|Any CPU
		{9FE00521-3A8B-42B1-814E-585E99407B2E}.Debug|Any CPU.ActiveCfg = Debug|Any CPU
		{9FE00521-3A8B-42B1-814E-585E99407B2E}.Debug|Any CPU.Build.0 = Debug|Any CPU
		{9FE00521-3A8B-42B1-814E-585E99407B2E}.Debug|x86.ActiveCfg = Debug|Any CPU
		{9FE00521-3A8B-42B1-814E-585E99407B2E}.Debug|x86.Build.0 = Debug|Any CPU
		{9FE00521-3A8B-42B1-814E-585E99407B2E}.DVD-5|Any CPU.ActiveCfg = Debug|Any CPU
		{9FE00521-3A8B-42B1-814E-585E99407B2E}.DVD-5|Any CPU.Build.0 = Debug|Any CPU
		{9FE00521-3A8B-42B1-814E-585E99407B2E}.DVD-5|x86.ActiveCfg = Debug|Any CPU
		{9FE00521-3A8B-42B1-814E-585E99407B2E}.DVD-5|x86.Build.0 = Debug|Any CPU
		{9FE00521-3A8B-42B1-814E-585E99407B2E}.Release|Any CPU.ActiveCfg = Release|Any CPU
		{9FE00521-3A8B-42B1-814E-585E99407B2E}.Release|Any CPU.Build.0 = Release|Any CPU
		{9FE00521-3A8B-42B1-814E-585E99407B2E}.Release|x86.ActiveCfg = Release|Any CPU
		{9FE00521-3A8B-42B1-814E-585E99407B2E}.Release|x86.Build.0 = Release|Any CPU
		{9FE00521-3A8B-42B1-814E-585E99407B2E}.SingleImage|Any CPU.ActiveCfg = Release|Any CPU
		{9FE00521-3A8B-42B1-814E-585E99407B2E}.SingleImage|Any CPU.Build.0 = Release|Any CPU
		{9FE00521-3A8B-42B1-814E-585E99407B2E}.SingleImage|x86.ActiveCfg = Release|Any CPU
		{9FE00521-3A8B-42B1-814E-585E99407B2E}.SingleImage|x86.Build.0 = Release|Any CPU
		{0988C62E-247F-471F-A183-DB509C7A3839}.CD_ROM|Any CPU.ActiveCfg = Release|Any CPU
		{0988C62E-247F-471F-A183-DB509C7A3839}.CD_ROM|Any CPU.Build.0 = Release|Any CPU
		{0988C62E-247F-471F-A183-DB509C7A3839}.CD_ROM|x86.ActiveCfg = Release|Any CPU
		{0988C62E-247F-471F-A183-DB509C7A3839}.CD_ROM|x86.Build.0 = Release|Any CPU
		{0988C62E-247F-471F-A183-DB509C7A3839}.Debug|Any CPU.ActiveCfg = Debug|Any CPU
		{0988C62E-247F-471F-A183-DB509C7A3839}.Debug|Any CPU.Build.0 = Debug|Any CPU
		{0988C62E-247F-471F-A183-DB509C7A3839}.Debug|x86.ActiveCfg = Debug|Any CPU
		{0988C62E-247F-471F-A183-DB509C7A3839}.Debug|x86.Build.0 = Debug|Any CPU
		{0988C62E-247F-471F-A183-DB509C7A3839}.DVD-5|Any CPU.ActiveCfg = Debug|Any CPU
		{0988C62E-247F-471F-A183-DB509C7A3839}.DVD-5|Any CPU.Build.0 = Debug|Any CPU
		{0988C62E-247F-471F-A183-DB509C7A3839}.DVD-5|x86.ActiveCfg = Debug|Any CPU
		{0988C62E-247F-471F-A183-DB509C7A3839}.DVD-5|x86.Build.0 = Debug|Any CPU
		{0988C62E-247F-471F-A183-DB509C7A3839}.Release|Any CPU.ActiveCfg = Release|Any CPU
		{0988C62E-247F-471F-A183-DB509C7A3839}.Release|Any CPU.Build.0 = Release|Any CPU
		{0988C62E-247F-471F-A183-DB509C7A3839}.Release|x86.ActiveCfg = Release|Any CPU
		{0988C62E-247F-471F-A183-DB509C7A3839}.Release|x86.Build.0 = Release|Any CPU
		{0988C62E-247F-471F-A183-DB509C7A3839}.SingleImage|Any CPU.ActiveCfg = Release|Any CPU
		{0988C62E-247F-471F-A183-DB509C7A3839}.SingleImage|Any CPU.Build.0 = Release|Any CPU
		{0988C62E-247F-471F-A183-DB509C7A3839}.SingleImage|x86.ActiveCfg = Release|Any CPU
		{0988C62E-247F-471F-A183-DB509C7A3839}.SingleImage|x86.Build.0 = Release|Any CPU
		{598F6D4A-C392-4EF5-B4EA-2ABF7E901E91}.CD_ROM|Any CPU.ActiveCfg = Release|Any CPU
		{598F6D4A-C392-4EF5-B4EA-2ABF7E901E91}.CD_ROM|Any CPU.Build.0 = Release|Any CPU
		{598F6D4A-C392-4EF5-B4EA-2ABF7E901E91}.CD_ROM|x86.ActiveCfg = Release|Any CPU
		{598F6D4A-C392-4EF5-B4EA-2ABF7E901E91}.CD_ROM|x86.Build.0 = Release|Any CPU
		{598F6D4A-C392-4EF5-B4EA-2ABF7E901E91}.Debug|Any CPU.ActiveCfg = Debug|Any CPU
		{598F6D4A-C392-4EF5-B4EA-2ABF7E901E91}.Debug|Any CPU.Build.0 = Debug|Any CPU
		{598F6D4A-C392-4EF5-B4EA-2ABF7E901E91}.Debug|x86.ActiveCfg = Debug|Any CPU
		{598F6D4A-C392-4EF5-B4EA-2ABF7E901E91}.Debug|x86.Build.0 = Debug|Any CPU
		{598F6D4A-C392-4EF5-B4EA-2ABF7E901E91}.DVD-5|Any CPU.ActiveCfg = Debug|Any CPU
		{598F6D4A-C392-4EF5-B4EA-2ABF7E901E91}.DVD-5|Any CPU.Build.0 = Debug|Any CPU
		{598F6D4A-C392-4EF5-B4EA-2ABF7E901E91}.DVD-5|x86.ActiveCfg = Debug|Any CPU
		{598F6D4A-C392-4EF5-B4EA-2ABF7E901E91}.DVD-5|x86.Build.0 = Debug|Any CPU
		{598F6D4A-C392-4EF5-B4EA-2ABF7E901E91}.Release|Any CPU.ActiveCfg = Release|Any CPU
		{598F6D4A-C392-4EF5-B4EA-2ABF7E901E91}.Release|Any CPU.Build.0 = Release|Any CPU
		{598F6D4A-C392-4EF5-B4EA-2ABF7E901E91}.Release|x86.ActiveCfg = Release|Any CPU
		{598F6D4A-C392-4EF5-B4EA-2ABF7E901E91}.Release|x86.Build.0 = Release|Any CPU
		{598F6D4A-C392-4EF5-B4EA-2ABF7E901E91}.SingleImage|Any CPU.ActiveCfg = Release|Any CPU
		{598F6D4A-C392-4EF5-B4EA-2ABF7E901E91}.SingleImage|Any CPU.Build.0 = Release|Any CPU
		{598F6D4A-C392-4EF5-B4EA-2ABF7E901E91}.SingleImage|x86.ActiveCfg = Release|Any CPU
		{598F6D4A-C392-4EF5-B4EA-2ABF7E901E91}.SingleImage|x86.Build.0 = Release|Any CPU
		{5B12EC9B-77CF-4C09-A983-95625F75F2F2}.CD_ROM|Any CPU.ActiveCfg = Release|Any CPU
		{5B12EC9B-77CF-4C09-A983-95625F75F2F2}.CD_ROM|Any CPU.Build.0 = Release|Any CPU
		{5B12EC9B-77CF-4C09-A983-95625F75F2F2}.CD_ROM|x86.ActiveCfg = Release|Any CPU
		{5B12EC9B-77CF-4C09-A983-95625F75F2F2}.CD_ROM|x86.Build.0 = Release|Any CPU
		{5B12EC9B-77CF-4C09-A983-95625F75F2F2}.Debug|Any CPU.ActiveCfg = Debug|Any CPU
		{5B12EC9B-77CF-4C09-A983-95625F75F2F2}.Debug|Any CPU.Build.0 = Debug|Any CPU
		{5B12EC9B-77CF-4C09-A983-95625F75F2F2}.Debug|x86.ActiveCfg = Debug|Any CPU
		{5B12EC9B-77CF-4C09-A983-95625F75F2F2}.Debug|x86.Build.0 = Debug|Any CPU
		{5B12EC9B-77CF-4C09-A983-95625F75F2F2}.DVD-5|Any CPU.ActiveCfg = Debug|Any CPU
		{5B12EC9B-77CF-4C09-A983-95625F75F2F2}.DVD-5|Any CPU.Build.0 = Debug|Any CPU
		{5B12EC9B-77CF-4C09-A983-95625F75F2F2}.DVD-5|x86.ActiveCfg = Debug|Any CPU
		{5B12EC9B-77CF-4C09-A983-95625F75F2F2}.DVD-5|x86.Build.0 = Debug|Any CPU
		{5B12EC9B-77CF-4C09-A983-95625F75F2F2}.Release|Any CPU.ActiveCfg = Release|Any CPU
		{5B12EC9B-77CF-4C09-A983-95625F75F2F2}.Release|Any CPU.Build.0 = Release|Any CPU
		{5B12EC9B-77CF-4C09-A983-95625F75F2F2}.Release|x86.ActiveCfg = Release|Any CPU
		{5B12EC9B-77CF-4C09-A983-95625F75F2F2}.Release|x86.Build.0 = Release|Any CPU
		{5B12EC9B-77CF-4C09-A983-95625F75F2F2}.SingleImage|Any CPU.ActiveCfg = Release|Any CPU
		{5B12EC9B-77CF-4C09-A983-95625F75F2F2}.SingleImage|Any CPU.Build.0 = Release|Any CPU
		{5B12EC9B-77CF-4C09-A983-95625F75F2F2}.SingleImage|x86.ActiveCfg = Release|Any CPU
		{5B12EC9B-77CF-4C09-A983-95625F75F2F2}.SingleImage|x86.Build.0 = Release|Any CPU
		{62D190D3-19C4-440C-8DB7-4558F2775D6E}.CD_ROM|Any CPU.ActiveCfg = Release|Any CPU
		{62D190D3-19C4-440C-8DB7-4558F2775D6E}.CD_ROM|Any CPU.Build.0 = Release|Any CPU
		{62D190D3-19C4-440C-8DB7-4558F2775D6E}.CD_ROM|x86.ActiveCfg = Release|Any CPU
		{62D190D3-19C4-440C-8DB7-4558F2775D6E}.CD_ROM|x86.Build.0 = Release|Any CPU
		{62D190D3-19C4-440C-8DB7-4558F2775D6E}.Debug|Any CPU.ActiveCfg = Debug|Any CPU
		{62D190D3-19C4-440C-8DB7-4558F2775D6E}.Debug|Any CPU.Build.0 = Debug|Any CPU
		{62D190D3-19C4-440C-8DB7-4558F2775D6E}.Debug|x86.ActiveCfg = Debug|Any CPU
		{62D190D3-19C4-440C-8DB7-4558F2775D6E}.Debug|x86.Build.0 = Debug|Any CPU
		{62D190D3-19C4-440C-8DB7-4558F2775D6E}.DVD-5|Any CPU.ActiveCfg = Debug|Any CPU
		{62D190D3-19C4-440C-8DB7-4558F2775D6E}.DVD-5|Any CPU.Build.0 = Debug|Any CPU
		{62D190D3-19C4-440C-8DB7-4558F2775D6E}.DVD-5|x86.ActiveCfg = Debug|Any CPU
		{62D190D3-19C4-440C-8DB7-4558F2775D6E}.DVD-5|x86.Build.0 = Debug|Any CPU
		{62D190D3-19C4-440C-8DB7-4558F2775D6E}.Release|Any CPU.ActiveCfg = Release|Any CPU
		{62D190D3-19C4-440C-8DB7-4558F2775D6E}.Release|Any CPU.Build.0 = Release|Any CPU
		{62D190D3-19C4-440C-8DB7-4558F2775D6E}.Release|x86.ActiveCfg = Release|Any CPU
		{62D190D3-19C4-440C-8DB7-4558F2775D6E}.Release|x86.Build.0 = Release|Any CPU
		{62D190D3-19C4-440C-8DB7-4558F2775D6E}.SingleImage|Any CPU.ActiveCfg = Release|Any CPU
		{62D190D3-19C4-440C-8DB7-4558F2775D6E}.SingleImage|Any CPU.Build.0 = Release|Any CPU
		{62D190D3-19C4-440C-8DB7-4558F2775D6E}.SingleImage|x86.ActiveCfg = Release|Any CPU
		{62D190D3-19C4-440C-8DB7-4558F2775D6E}.SingleImage|x86.Build.0 = Release|Any CPU
		{97AFAAEC-4706-4AC2-AAFE-D8E8E9258417}.CD_ROM|Any CPU.ActiveCfg = Release|Any CPU
		{97AFAAEC-4706-4AC2-AAFE-D8E8E9258417}.CD_ROM|Any CPU.Build.0 = Release|Any CPU
		{97AFAAEC-4706-4AC2-AAFE-D8E8E9258417}.CD_ROM|x86.ActiveCfg = Release|Any CPU
		{97AFAAEC-4706-4AC2-AAFE-D8E8E9258417}.CD_ROM|x86.Build.0 = Release|Any CPU
		{97AFAAEC-4706-4AC2-AAFE-D8E8E9258417}.Debug|Any CPU.ActiveCfg = Debug|Any CPU
		{97AFAAEC-4706-4AC2-AAFE-D8E8E9258417}.Debug|Any CPU.Build.0 = Debug|Any CPU
		{97AFAAEC-4706-4AC2-AAFE-D8E8E9258417}.Debug|x86.ActiveCfg = Debug|Any CPU
		{97AFAAEC-4706-4AC2-AAFE-D8E8E9258417}.Debug|x86.Build.0 = Debug|Any CPU
		{97AFAAEC-4706-4AC2-AAFE-D8E8E9258417}.DVD-5|Any CPU.ActiveCfg = Debug|Any CPU
		{97AFAAEC-4706-4AC2-AAFE-D8E8E9258417}.DVD-5|Any CPU.Build.0 = Debug|Any CPU
		{97AFAAEC-4706-4AC2-AAFE-D8E8E9258417}.DVD-5|x86.ActiveCfg = Debug|Any CPU
		{97AFAAEC-4706-4AC2-AAFE-D8E8E9258417}.DVD-5|x86.Build.0 = Debug|Any CPU
		{97AFAAEC-4706-4AC2-AAFE-D8E8E9258417}.Release|Any CPU.ActiveCfg = Release|Any CPU
		{97AFAAEC-4706-4AC2-AAFE-D8E8E9258417}.Release|Any CPU.Build.0 = Release|Any CPU
		{97AFAAEC-4706-4AC2-AAFE-D8E8E9258417}.Release|x86.ActiveCfg = Release|Any CPU
		{97AFAAEC-4706-4AC2-AAFE-D8E8E9258417}.Release|x86.Build.0 = Release|Any CPU
		{97AFAAEC-4706-4AC2-AAFE-D8E8E9258417}.SingleImage|Any CPU.ActiveCfg = Release|Any CPU
		{97AFAAEC-4706-4AC2-AAFE-D8E8E9258417}.SingleImage|Any CPU.Build.0 = Release|Any CPU
		{97AFAAEC-4706-4AC2-AAFE-D8E8E9258417}.SingleImage|x86.ActiveCfg = Release|Any CPU
		{97AFAAEC-4706-4AC2-AAFE-D8E8E9258417}.SingleImage|x86.Build.0 = Release|Any CPU
		{53995DBB-9836-4647-AD22-865884FDEB9E}.CD_ROM|Any CPU.ActiveCfg = Release|Any CPU
		{53995DBB-9836-4647-AD22-865884FDEB9E}.CD_ROM|Any CPU.Build.0 = Release|Any CPU
		{53995DBB-9836-4647-AD22-865884FDEB9E}.CD_ROM|x86.ActiveCfg = Release|Any CPU
		{53995DBB-9836-4647-AD22-865884FDEB9E}.CD_ROM|x86.Build.0 = Release|Any CPU
		{53995DBB-9836-4647-AD22-865884FDEB9E}.Debug|Any CPU.ActiveCfg = Debug|Any CPU
		{53995DBB-9836-4647-AD22-865884FDEB9E}.Debug|Any CPU.Build.0 = Debug|Any CPU
		{53995DBB-9836-4647-AD22-865884FDEB9E}.Debug|x86.ActiveCfg = Debug|Any CPU
		{53995DBB-9836-4647-AD22-865884FDEB9E}.Debug|x86.Build.0 = Debug|Any CPU
		{53995DBB-9836-4647-AD22-865884FDEB9E}.DVD-5|Any CPU.ActiveCfg = Debug|Any CPU
		{53995DBB-9836-4647-AD22-865884FDEB9E}.DVD-5|Any CPU.Build.0 = Debug|Any CPU
		{53995DBB-9836-4647-AD22-865884FDEB9E}.DVD-5|x86.ActiveCfg = Debug|Any CPU
		{53995DBB-9836-4647-AD22-865884FDEB9E}.DVD-5|x86.Build.0 = Debug|Any CPU
		{53995DBB-9836-4647-AD22-865884FDEB9E}.Release|Any CPU.ActiveCfg = Release|Any CPU
		{53995DBB-9836-4647-AD22-865884FDEB9E}.Release|Any CPU.Build.0 = Release|Any CPU
		{53995DBB-9836-4647-AD22-865884FDEB9E}.Release|x86.ActiveCfg = Release|Any CPU
		{53995DBB-9836-4647-AD22-865884FDEB9E}.Release|x86.Build.0 = Release|Any CPU
		{53995DBB-9836-4647-AD22-865884FDEB9E}.SingleImage|Any CPU.ActiveCfg = Release|Any CPU
		{53995DBB-9836-4647-AD22-865884FDEB9E}.SingleImage|Any CPU.Build.0 = Release|Any CPU
		{53995DBB-9836-4647-AD22-865884FDEB9E}.SingleImage|x86.ActiveCfg = Release|Any CPU
		{53995DBB-9836-4647-AD22-865884FDEB9E}.SingleImage|x86.Build.0 = Release|Any CPU
		{5A4E4F33-1FBC-43A5-A49F-E5F3688C63C7}.CD_ROM|Any CPU.ActiveCfg = Release|x86
		{5A4E4F33-1FBC-43A5-A49F-E5F3688C63C7}.CD_ROM|Any CPU.Build.0 = Release|x86
		{5A4E4F33-1FBC-43A5-A49F-E5F3688C63C7}.CD_ROM|x86.ActiveCfg = Release|x86
		{5A4E4F33-1FBC-43A5-A49F-E5F3688C63C7}.CD_ROM|x86.Build.0 = Release|x86
		{5A4E4F33-1FBC-43A5-A49F-E5F3688C63C7}.Debug|Any CPU.ActiveCfg = Debug|x86
		{5A4E4F33-1FBC-43A5-A49F-E5F3688C63C7}.Debug|x86.ActiveCfg = Debug|x86
		{5A4E4F33-1FBC-43A5-A49F-E5F3688C63C7}.Debug|x86.Build.0 = Debug|x86
		{5A4E4F33-1FBC-43A5-A49F-E5F3688C63C7}.DVD-5|Any CPU.ActiveCfg = Release|x86
		{5A4E4F33-1FBC-43A5-A49F-E5F3688C63C7}.DVD-5|Any CPU.Build.0 = Release|x86
		{5A4E4F33-1FBC-43A5-A49F-E5F3688C63C7}.DVD-5|x86.ActiveCfg = Debug|x86
		{5A4E4F33-1FBC-43A5-A49F-E5F3688C63C7}.DVD-5|x86.Build.0 = Debug|x86
		{5A4E4F33-1FBC-43A5-A49F-E5F3688C63C7}.Release|Any CPU.ActiveCfg = Release|x86
		{5A4E4F33-1FBC-43A5-A49F-E5F3688C63C7}.Release|x86.ActiveCfg = Release|x86
		{5A4E4F33-1FBC-43A5-A49F-E5F3688C63C7}.Release|x86.Build.0 = Release|x86
		{5A4E4F33-1FBC-43A5-A49F-E5F3688C63C7}.SingleImage|Any CPU.ActiveCfg = Release|x86
		{5A4E4F33-1FBC-43A5-A49F-E5F3688C63C7}.SingleImage|Any CPU.Build.0 = Release|x86
		{5A4E4F33-1FBC-43A5-A49F-E5F3688C63C7}.SingleImage|x86.ActiveCfg = Release|x86
		{5A4E4F33-1FBC-43A5-A49F-E5F3688C63C7}.SingleImage|x86.Build.0 = Release|x86
		{DEB7C9F6-F670-4A7C-900B-EACB7B2CD492}.CD_ROM|Any CPU.ActiveCfg = Release|Any CPU
		{DEB7C9F6-F670-4A7C-900B-EACB7B2CD492}.CD_ROM|Any CPU.Build.0 = Release|Any CPU
		{DEB7C9F6-F670-4A7C-900B-EACB7B2CD492}.CD_ROM|x86.ActiveCfg = Release|Any CPU
		{DEB7C9F6-F670-4A7C-900B-EACB7B2CD492}.CD_ROM|x86.Build.0 = Release|Any CPU
		{DEB7C9F6-F670-4A7C-900B-EACB7B2CD492}.Debug|Any CPU.ActiveCfg = Debug|Any CPU
		{DEB7C9F6-F670-4A7C-900B-EACB7B2CD492}.Debug|Any CPU.Build.0 = Debug|Any CPU
		{DEB7C9F6-F670-4A7C-900B-EACB7B2CD492}.Debug|x86.ActiveCfg = Debug|Any CPU
		{DEB7C9F6-F670-4A7C-900B-EACB7B2CD492}.Debug|x86.Build.0 = Debug|Any CPU
		{DEB7C9F6-F670-4A7C-900B-EACB7B2CD492}.DVD-5|Any CPU.ActiveCfg = Debug|Any CPU
		{DEB7C9F6-F670-4A7C-900B-EACB7B2CD492}.DVD-5|Any CPU.Build.0 = Debug|Any CPU
		{DEB7C9F6-F670-4A7C-900B-EACB7B2CD492}.DVD-5|x86.ActiveCfg = Debug|Any CPU
		{DEB7C9F6-F670-4A7C-900B-EACB7B2CD492}.DVD-5|x86.Build.0 = Debug|Any CPU
		{DEB7C9F6-F670-4A7C-900B-EACB7B2CD492}.Release|Any CPU.ActiveCfg = Release|Any CPU
		{DEB7C9F6-F670-4A7C-900B-EACB7B2CD492}.Release|Any CPU.Build.0 = Release|Any CPU
		{DEB7C9F6-F670-4A7C-900B-EACB7B2CD492}.Release|x86.ActiveCfg = Release|Any CPU
		{DEB7C9F6-F670-4A7C-900B-EACB7B2CD492}.Release|x86.Build.0 = Release|Any CPU
		{DEB7C9F6-F670-4A7C-900B-EACB7B2CD492}.SingleImage|Any CPU.ActiveCfg = Release|Any CPU
		{DEB7C9F6-F670-4A7C-900B-EACB7B2CD492}.SingleImage|Any CPU.Build.0 = Release|Any CPU
		{DEB7C9F6-F670-4A7C-900B-EACB7B2CD492}.SingleImage|x86.ActiveCfg = Release|Any CPU
		{DEB7C9F6-F670-4A7C-900B-EACB7B2CD492}.SingleImage|x86.Build.0 = Release|Any CPU
		{886938AD-FEBD-4BAB-B34B-14D76CEE3437}.CD_ROM|Any CPU.ActiveCfg = Release|Any CPU
		{886938AD-FEBD-4BAB-B34B-14D76CEE3437}.CD_ROM|Any CPU.Build.0 = Release|Any CPU
		{886938AD-FEBD-4BAB-B34B-14D76CEE3437}.CD_ROM|x86.ActiveCfg = Release|Any CPU
		{886938AD-FEBD-4BAB-B34B-14D76CEE3437}.CD_ROM|x86.Build.0 = Release|Any CPU
		{886938AD-FEBD-4BAB-B34B-14D76CEE3437}.Debug|Any CPU.ActiveCfg = Debug|Any CPU
		{886938AD-FEBD-4BAB-B34B-14D76CEE3437}.Debug|Any CPU.Build.0 = Debug|Any CPU
		{886938AD-FEBD-4BAB-B34B-14D76CEE3437}.Debug|x86.ActiveCfg = Debug|Any CPU
		{886938AD-FEBD-4BAB-B34B-14D76CEE3437}.Debug|x86.Build.0 = Debug|Any CPU
		{886938AD-FEBD-4BAB-B34B-14D76CEE3437}.DVD-5|Any CPU.ActiveCfg = Debug|Any CPU
		{886938AD-FEBD-4BAB-B34B-14D76CEE3437}.DVD-5|Any CPU.Build.0 = Debug|Any CPU
		{886938AD-FEBD-4BAB-B34B-14D76CEE3437}.DVD-5|x86.ActiveCfg = Debug|Any CPU
		{886938AD-FEBD-4BAB-B34B-14D76CEE3437}.DVD-5|x86.Build.0 = Debug|Any CPU
		{886938AD-FEBD-4BAB-B34B-14D76CEE3437}.Release|Any CPU.ActiveCfg = Release|Any CPU
		{886938AD-FEBD-4BAB-B34B-14D76CEE3437}.Release|Any CPU.Build.0 = Release|Any CPU
		{886938AD-FEBD-4BAB-B34B-14D76CEE3437}.Release|x86.ActiveCfg = Release|Any CPU
		{886938AD-FEBD-4BAB-B34B-14D76CEE3437}.Release|x86.Build.0 = Release|Any CPU
		{886938AD-FEBD-4BAB-B34B-14D76CEE3437}.SingleImage|Any CPU.ActiveCfg = Release|Any CPU
		{886938AD-FEBD-4BAB-B34B-14D76CEE3437}.SingleImage|Any CPU.Build.0 = Release|Any CPU
		{886938AD-FEBD-4BAB-B34B-14D76CEE3437}.SingleImage|x86.ActiveCfg = Release|Any CPU
		{886938AD-FEBD-4BAB-B34B-14D76CEE3437}.SingleImage|x86.Build.0 = Release|Any CPU
		{88905176-669B-405D-8242-8DC1A1F85CF1}.CD_ROM|Any CPU.ActiveCfg = Release|x86
		{88905176-669B-405D-8242-8DC1A1F85CF1}.CD_ROM|Any CPU.Build.0 = Release|x86
		{88905176-669B-405D-8242-8DC1A1F85CF1}.CD_ROM|x86.ActiveCfg = Release|x86
		{88905176-669B-405D-8242-8DC1A1F85CF1}.CD_ROM|x86.Build.0 = Release|x86
		{88905176-669B-405D-8242-8DC1A1F85CF1}.Debug|Any CPU.ActiveCfg = Debug|x86
		{88905176-669B-405D-8242-8DC1A1F85CF1}.Debug|x86.ActiveCfg = Debug|x86
		{88905176-669B-405D-8242-8DC1A1F85CF1}.Debug|x86.Build.0 = Debug|x86
		{88905176-669B-405D-8242-8DC1A1F85CF1}.DVD-5|Any CPU.ActiveCfg = Release|x86
		{88905176-669B-405D-8242-8DC1A1F85CF1}.DVD-5|Any CPU.Build.0 = Release|x86
		{88905176-669B-405D-8242-8DC1A1F85CF1}.DVD-5|x86.ActiveCfg = Debug|x86
		{88905176-669B-405D-8242-8DC1A1F85CF1}.DVD-5|x86.Build.0 = Debug|x86
		{88905176-669B-405D-8242-8DC1A1F85CF1}.Release|Any CPU.ActiveCfg = Release|x86
		{88905176-669B-405D-8242-8DC1A1F85CF1}.Release|x86.ActiveCfg = Release|x86
		{88905176-669B-405D-8242-8DC1A1F85CF1}.Release|x86.Build.0 = Release|x86
		{88905176-669B-405D-8242-8DC1A1F85CF1}.SingleImage|Any CPU.ActiveCfg = Release|x86
		{88905176-669B-405D-8242-8DC1A1F85CF1}.SingleImage|Any CPU.Build.0 = Release|x86
		{88905176-669B-405D-8242-8DC1A1F85CF1}.SingleImage|x86.ActiveCfg = Release|x86
		{88905176-669B-405D-8242-8DC1A1F85CF1}.SingleImage|x86.Build.0 = Release|x86
		{4133671C-6F90-4929-9A92-487078EADA89}.CD_ROM|Any CPU.ActiveCfg = Release
		{4133671C-6F90-4929-9A92-487078EADA89}.CD_ROM|x86.ActiveCfg = Release
		{4133671C-6F90-4929-9A92-487078EADA89}.Debug|Any CPU.ActiveCfg = Debug
		{4133671C-6F90-4929-9A92-487078EADA89}.Debug|x86.ActiveCfg = Debug
		{4133671C-6F90-4929-9A92-487078EADA89}.DVD-5|Any CPU.ActiveCfg = Debug
		{4133671C-6F90-4929-9A92-487078EADA89}.DVD-5|x86.ActiveCfg = Debug
		{4133671C-6F90-4929-9A92-487078EADA89}.Release|Any CPU.ActiveCfg = Release
		{4133671C-6F90-4929-9A92-487078EADA89}.Release|x86.ActiveCfg = Release
		{4133671C-6F90-4929-9A92-487078EADA89}.SingleImage|Any CPU.ActiveCfg = Release
		{4133671C-6F90-4929-9A92-487078EADA89}.SingleImage|x86.ActiveCfg = Release
		{CBA18D14-659C-4F22-8654-D282CE08CBAD}.CD_ROM|Any CPU.ActiveCfg = Release|Any CPU
		{CBA18D14-659C-4F22-8654-D282CE08CBAD}.CD_ROM|Any CPU.Build.0 = Release|Any CPU
		{CBA18D14-659C-4F22-8654-D282CE08CBAD}.CD_ROM|x86.ActiveCfg = Release|Any CPU
		{CBA18D14-659C-4F22-8654-D282CE08CBAD}.CD_ROM|x86.Build.0 = Release|Any CPU
		{CBA18D14-659C-4F22-8654-D282CE08CBAD}.Debug|Any CPU.ActiveCfg = Debug|Any CPU
		{CBA18D14-659C-4F22-8654-D282CE08CBAD}.Debug|Any CPU.Build.0 = Debug|Any CPU
		{CBA18D14-659C-4F22-8654-D282CE08CBAD}.Debug|x86.ActiveCfg = Debug|Any CPU
		{CBA18D14-659C-4F22-8654-D282CE08CBAD}.Debug|x86.Build.0 = Debug|Any CPU
		{CBA18D14-659C-4F22-8654-D282CE08CBAD}.DVD-5|Any CPU.ActiveCfg = Debug|Any CPU
		{CBA18D14-659C-4F22-8654-D282CE08CBAD}.DVD-5|Any CPU.Build.0 = Debug|Any CPU
		{CBA18D14-659C-4F22-8654-D282CE08CBAD}.DVD-5|x86.ActiveCfg = Debug|Any CPU
		{CBA18D14-659C-4F22-8654-D282CE08CBAD}.DVD-5|x86.Build.0 = Debug|Any CPU
		{CBA18D14-659C-4F22-8654-D282CE08CBAD}.Release|Any CPU.ActiveCfg = Release|Any CPU
		{CBA18D14-659C-4F22-8654-D282CE08CBAD}.Release|Any CPU.Build.0 = Release|Any CPU
		{CBA18D14-659C-4F22-8654-D282CE08CBAD}.Release|x86.ActiveCfg = Release|Any CPU
		{CBA18D14-659C-4F22-8654-D282CE08CBAD}.Release|x86.Build.0 = Release|Any CPU
		{CBA18D14-659C-4F22-8654-D282CE08CBAD}.SingleImage|Any CPU.ActiveCfg = Release|Any CPU
		{CBA18D14-659C-4F22-8654-D282CE08CBAD}.SingleImage|Any CPU.Build.0 = Release|Any CPU
		{CBA18D14-659C-4F22-8654-D282CE08CBAD}.SingleImage|x86.ActiveCfg = Release|Any CPU
		{CBA18D14-659C-4F22-8654-D282CE08CBAD}.SingleImage|x86.Build.0 = Release|Any CPU
	EndGlobalSection
	GlobalSection(SolutionProperties) = preSolution
		HideSolutionNode = FALSE
	EndGlobalSection
EndGlobal
